
Microsoft Visual Studio Solution File, Format Version 12.00
Project("{FAE04EC0-301F-11D3-BF4B-00C04F79EFBC}") = "GraphQl_API", "GraphQl_API\GraphQl_API.csproj", "{694C2411-9360-4A3C-9322-B90D0778D68F}"
EndProject
Global
	GlobalSection(SolutionConfigurationPlatforms) = preSolution
		Debug|Any CPU = Debug|Any CPU
		Release|Any CPU = Release|Any CPU
	EndGlobalSection
	GlobalSection(ProjectConfigurationPlatforms) = postSolution
		{694C2411-9360-4A3C-9322-B90D0778D68F}.Debug|Any CPU.ActiveCfg = Debug|Any CPU
		{694C2411-9360-4A3C-9322-B90D0778D68F}.Debug|Any CPU.Build.0 = Debug|Any CPU
		{694C2411-9360-4A3C-9322-B90D0778D68F}.Release|Any CPU.ActiveCfg = Release|Any CPU
		{694C2411-9360-4A3C-9322-B90D0778D68F}.Release|Any CPU.Build.0 = Release|Any CPU
	EndGlobalSection
EndGlobal
